
Microsoft Visual Studio Solution File, Format Version 11.00
# Visual Studio 2010
Project("{8BC9CEB8-8B4A-11D0-8D11-00A0C91BC942}") = "FITRenderer", "FITRenderer.vcxproj", "{1935FF02-B813-4B6D-8727-AE558393D468}"
EndProject
Project("{8BC9CEB8-8B4A-11D0-8D11-00A0C91BC942}") = "testGraphics", "testGraphics\testGraphics.vcxproj", "{F8BD577C-7728-4980-BA5A-196A52604ABB}"
EndProject
Global
	GlobalSection(SolutionConfigurationPlatforms) = preSolution
		Debug|Win32 = Debug|Win32
		Release|Win32 = Release|Win32
	EndGlobalSection
	GlobalSection(ProjectConfigurationPlatforms) = postSolution
		{1935FF02-B813-4B6D-8727-AE558393D468}.Debug|Win32.ActiveCfg = Debug|Win32
		{1935FF02-B813-4B6D-8727-AE558393D468}.Debug|Win32.Build.0 = Debug|Win32
		{1935FF02-B813-4B6D-8727-AE558393D468}.Release|Win32.ActiveCfg = Release|Win32
		{1935FF02-B813-4B6D-8727-AE558393D468}.Release|Win32.Build.0 = Release|Win32
		{F8BD577C-7728-4980-BA5A-196A52604ABB}.Debug|Win32.ActiveCfg = Debug|Win32
		{F8BD577C-7728-4980-BA5A-196A52604ABB}.Debug|Win32.Build.0 = Debug|Win32
		{F8BD577C-7728-4980-BA5A-196A52604ABB}.Release|Win32.ActiveCfg = Release|Win32
		{F8BD577C-7728-4980-BA5A-196A52604ABB}.Release|Win32.Build.0 = Release|Win32
	EndGlobalSection
	GlobalSection(SolutionProperties) = preSolution
		HideSolutionNode = FALSE
	EndGlobalSection
EndGlobal
