<?xml version="1.0" encoding="utf-8"?>
<Project ToolsVersion="4.0" xmlns="http://schemas.microsoft.com/developer/msbuild/2003">
  <ItemGroup>
    <ClCompile Include="src\glux_engine\camera.cpp">
      <Filter>Source files</Filter>
    </ClCompile>
    <ClCompile Include="src\glux_engine\draw.cpp">
      <Filter>Source files</Filter>
    </ClCompile>
    <ClCompile Include="src\glux_engine\font.cpp">
      <Filter>Source files</Filter>
    </ClCompile>
    <ClCompile Include="src\glux_engine\light.cpp">
      <Filter>Source files</Filter>
    </ClCompile>
    <ClCompile Include="src\glux_engine\load3DS.cpp">
      <Filter>Source files</Filter>
    </ClCompile>
    <ClCompile Include="src\glux_engine\loadScene.cpp">
      <Filter>Source files</Filter>
    </ClCompile>
    <ClCompile Include="src\glux_engine\material.cpp">
      <Filter>Source files</Filter>
    </ClCompile>
    <ClCompile Include="src\glux_engine\material_generator.cpp">
      <Filter>Source files</Filter>
    </ClCompile>
    <ClCompile Include="src\glux_engine\object.cpp">
      <Filter>Source files</Filter>
    </ClCompile>
    <ClCompile Include="src\glux_engine\render_target.cpp">
      <Filter>Source files</Filter>
    </ClCompile>
    <ClCompile Include="src\glux_engine\scene.cpp">
      <Filter>Source files</Filter>
    </ClCompile>
    <ClCompile Include="src\glux_engine\shadow.cpp">
      <Filter>Source files</Filter>
    </ClCompile>
    <ClCompile Include="src\glux_engine\texture.cpp">
      <Filter>Source files</Filter>
    </ClCompile>
    <ClCompile Include="src\main.cpp">
      <Filter>Source files</Filter>
    </ClCompile>
    <ClCompile Include="src\ipsm2.cpp">
      <Filter>Source files</Filter>
    </ClCompile>
    <ClCompile Include="src\glux_engine\ScreenGrid.cpp">
      <Filter>Source files</Filter>
    </ClCompile>
    <ClCompile Include="src\glux_engine\shaderGen\SFBilinearWarpedShadow.cpp">
      <Filter>Source files\Shader Generation</Filter>
    </ClCompile>
    <ClCompile Include="src\glux_engine\shaderGen\SFPolynomialWarpedShadow.cpp">
      <Filter>Source files\Shader Generation</Filter>
    </ClCompile>
    <ClCompile Include="src\glux_engine\shaderGen\ShaderFeature.cpp">
      <Filter>Source files\Shader Generation</Filter>
    </ClCompile>
    <ClCompile Include="src\glux_engine\BilinearWarpedShadow.cpp">
      <Filter>Source files\Shadow Techniques</Filter>
    </ClCompile>
    <ClCompile Include="src\glux_engine\IShadowTechnique.cpp">
      <Filter>Source files\Shadow Techniques</Filter>
    </ClCompile>
    <ClCompile Include="src\glux_engine\PolynomialWarpedShadow.cpp">
      <Filter>Source files\Shadow Techniques</Filter>
    </ClCompile>
    <ClCompile Include="src\glux_engine\shaderGen\SFSplineWarpedShadow.cpp">
      <Filter>Source files\Shader Generation</Filter>
    </ClCompile>
    <ClCompile Include="src\glux_engine\SplineWarpedShadow.cpp">
      <Filter>Source files\Shadow Techniques</Filter>
    </ClCompile>
    <ClCompile Include="src\glux_engine\resources\SceneManager.cpp">
      <Filter>Source files\Resources</Filter>
    </ClCompile>
    <ClCompile Include="src\glux_engine\resources\FBOManager.cpp">
      <Filter>Source files\Resources</Filter>
    </ClCompile>
    <ClCompile Include="src\glux_engine\resources\FBO.cpp">
      <Filter>Source files\Resources</Filter>
    </ClCompile>
    <ClCompile Include="src\glux_engine\resources\TextureCache.cpp">
      <Filter>Source files\Resources</Filter>
    </ClCompile>
    <ClCompile Include="src\glux_engine\debug.cpp">
      <Filter>Source files</Filter>
    </ClCompile>
    <ClCompile Include="src\glux_engine\modifyGrid.cpp">
      <Filter>Source files</Filter>
    </ClCompile>
    <ClCompile Include="src\glux_engine\Application.cpp">
      <Filter>Source files\SDK</Filter>
    </ClCompile>
    <ClCompile Include="src\IPSMApp.cpp">
      <Filter>Source files</Filter>
    </ClCompile>
    <ClCompile Include="src\glux_engine\Singleton.cpp">
      <Filter>Source files\SDK</Filter>
    </ClCompile>
    <ClCompile Include="src\glux_engine\BlitPass.cpp">
      <Filter>Source files\SDK</Filter>
    </ClCompile>
    <ClCompile Include="src\glux_engine\Shader.cpp">
      <Filter>Source files\SDK</Filter>
    </ClCompile>
    <ClCompile Include="src\glux_engine\GeometryMaterial.cpp">
      <Filter>Source files\SDK</Filter>
    </ClCompile>
    <ClCompile Include="src\glux_engine\CustomShader.cpp">
      <Filter>Source files\SDK</Filter>
    </ClCompile>
    <ClCompile Include="src\glux_engine\SimplePass.cpp">
      <Filter>Source files\SDK</Filter>
    </ClCompile>
  </ItemGroup>
  <ItemGroup>
    <ClInclude Include="src\glux_engine\camera.h">
      <Filter>Header files</Filter>
    </ClInclude>
    <ClInclude Include="src\glux_engine\engine.h">
      <Filter>Header files</Filter>
    </ClInclude>
    <ClInclude Include="src\glux_engine\globals.h">
      <Filter>Header files</Filter>
    </ClInclude>
    <ClInclude Include="src\glux_engine\light.h">
      <Filter>Header files</Filter>
    </ClInclude>
    <ClInclude Include="src\glux_engine\material.h">
      <Filter>Header files</Filter>
    </ClInclude>
    <ClInclude Include="src\glux_engine\object.h">
      <Filter>Header files</Filter>
    </ClInclude>
    <ClInclude Include="src\glux_engine\scene.h">
      <Filter>Header files</Filter>
    </ClInclude>
    <ClInclude Include="src\glux_engine\texture.h">
      <Filter>Header files</Filter>
    </ClInclude>
    <ClInclude Include="src\main_ui.h">
      <Filter>Header files</Filter>
    </ClInclude>
    <ClInclude Include="src\glux_engine\compute.h">
      <Filter>Header files</Filter>
    </ClInclude>
    <ClInclude Include="src\glux_engine\shadow.h">
      <Filter>Header files</Filter>
    </ClInclude>
    <ClInclude Include="src\ellipse_params.h">
      <Filter>Header files</Filter>
    </ClInclude>
    <ClInclude Include="src\experiments.h">
      <Filter>Header files</Filter>
    </ClInclude>
    <ClInclude Include="src\glux_engine\ScreenGrid.h">
      <Filter>Header files</Filter>
    </ClInclude>
    <ClInclude Include="src\glux_engine\shaderGen\SFBilinearWarpedShadow.h">
      <Filter>Header files\Shader Generation</Filter>
    </ClInclude>
    <ClInclude Include="src\glux_engine\shaderGen\SFPolynomialWarpedShadow.h">
      <Filter>Header files\Shader Generation</Filter>
    </ClInclude>
    <ClInclude Include="src\glux_engine\shaderGen\shader_generator.h">
      <Filter>Header files\Shader Generation</Filter>
    </ClInclude>
    <ClInclude Include="src\glux_engine\shaderGen\ShaderFeature.h">
      <Filter>Header files\Shader Generation</Filter>
    </ClInclude>
    <ClInclude Include="src\glux_engine\PolynomialWarpedShadow.h">
      <Filter>Header files\Shadow Techniques</Filter>
    </ClInclude>
    <ClInclude Include="src\glux_engine\IShadowTechnique.h">
      <Filter>Header files\Shadow Techniques</Filter>
    </ClInclude>
    <ClInclude Include="src\glux_engine\BilinearWarpedShadow.h">
      <Filter>Header files\Shadow Techniques</Filter>
    </ClInclude>
    <ClInclude Include="src\glux_engine\shaderGen\SFSplineWarpedShadow.h">
      <Filter>Header files\Shader Generation</Filter>
    </ClInclude>
    <ClInclude Include="src\glux_engine\SplineWarpedShadow.h">
      <Filter>Header files\Shadow Techniques</Filter>
    </ClInclude>
    <ClInclude Include="src\glux_engine\resources\SceneManager.h">
      <Filter>Header files\Resources</Filter>
    </ClInclude>
    <ClInclude Include="src\glux_engine\resources\FBOManager.h">
      <Filter>Header files\Resources</Filter>
    </ClInclude>
    <ClInclude Include="src\glux_engine\resources\FBO.h">
      <Filter>Header files\Resources</Filter>
    </ClInclude>
    <ClInclude Include="src\glux_engine\resources\TextureCache.h">
      <Filter>Header files\Resources</Filter>
    </ClInclude>
    <ClInclude Include="src\glux_engine\bitops.h">
      <Filter>Header files</Filter>
    </ClInclude>
    <ClInclude Include="src\glux_engine\hires_timer.h">
      <Filter>Header files</Filter>
    </ClInclude>
    <ClInclude Include="src\precomputed_diffs.h">
      <Filter>Header files</Filter>
    </ClInclude>
    <ClInclude Include="src\glux_engine\Application.h">
      <Filter>Header files\SDK</Filter>
    </ClInclude>
    <ClInclude Include="src\IPSMApp.h">
      <Filter>Header files</Filter>
    </ClInclude>
    <ClInclude Include="src\glux_engine\Singleton.h">
      <Filter>Header files\SDK</Filter>
    </ClInclude>
    <ClInclude Include="src\glux_engine\BlitPass.h">
      <Filter>Header files\SDK</Filter>
    </ClInclude>
    <ClInclude Include="src\glux_engine\Shader.h">
      <Filter>Header files\SDK</Filter>
    </ClInclude>
    <ClInclude Include="src\glux_engine\GeometryMaterial.h">
      <Filter>Header files\SDK</Filter>
    </ClInclude>
    <ClInclude Include="src\glux_engine\CustomShader.h">
      <Filter>Header files\SDK</Filter>
    </ClInclude>
    <ClInclude Include="src\glux_engine\SimplePass.h">
      <Filter>Header files\SDK</Filter>
    </ClInclude>
    <ClInclude Include="src\glux_engine\Pass.h">
      <Filter>Header files\SDK</Filter>
    </ClInclude>
  </ItemGroup>
  <ItemGroup>
    <None Include="data\shaders\progress_bar.frag">
      <Filter>Shaders</Filter>
    </None>
    <None Include="data\shaders\showDepth.frag">
      <Filter>Shaders</Filter>
    </None>
    <None Include="data\shaders\showDepth.vert">
      <Filter>Shaders</Filter>
    </None>
    <None Include="data\shaders\showDepth_omni.frag">
      <Filter>Shaders</Filter>
    </None>
    <None Include="data\shaders\shadow.frag">
      <Filter>Shaders\shadows</Filter>
    </None>
    <None Include="data\shaders\shadow.vert">
      <Filter>Shaders\shadows</Filter>
    </None>
    <None Include="data\shaders\shadow_omni.frag">
      <Filter>Shaders\shadows</Filter>
    </None>
    <None Include="data\shaders\shadow_omni.vert">
      <Filter>Shaders\shadows</Filter>
    </None>
    <None Include="data\shaders\shadow_omni_tess.frag">
      <Filter>Shaders\shadows</Filter>
    </None>
    <None Include="data\shaders\shadow_omni_tess.tc">
      <Filter>Shaders\shadows</Filter>
    </None>
    <None Include="data\shaders\shadow_omni_tess.te">
      <Filter>Shaders\shadows</Filter>
    </None>
    <None Include="data\shaders\shadow_omni_tess.vert">
      <Filter>Shaders\shadows</Filter>
    </None>
    <None Include="data\shaders\bloom_ssao.frag">
      <Filter>Shaders\HDR/AO</Filter>
    </None>
    <None Include="data\shaders\blur.frag">
      <Filter>Shaders\HDR/AO</Filter>
    </None>
    <None Include="data\shaders\quad.frag">
      <Filter>Shaders\HDR/AO</Filter>
    </None>
    <None Include="data\shaders\quad.vert">
      <Filter>Shaders\HDR/AO</Filter>
    </None>
    <None Include="data\shaders\tonemap.frag">
      <Filter>Shaders\HDR/AO</Filter>
    </None>
    <None Include="data\shaders\simple_tess.vert">
      <Filter>Shaders\tess</Filter>
    </None>
    <None Include="data\shaders\simple_tess.te">
      <Filter>Shaders\tess</Filter>
    </None>
    <None Include="data\shaders\simple_tess.tc">
      <Filter>Shaders\tess</Filter>
    </None>
    <None Include="data\shaders\simple_tess.geom">
      <Filter>Shaders\tess</Filter>
    </None>
    <None Include="data\shaders\simple_tess.frag">
      <Filter>Shaders\tess</Filter>
    </None>
    <None Include="data\shaders\func\blur.frag">
      <Filter>Shaders\func</Filter>
    </None>
    <None Include="data\shaders\func\env.frag">
      <Filter>Shaders\func</Filter>
    </None>
    <None Include="data\shaders\func\light.frag">
      <Filter>Shaders\func</Filter>
    </None>
    <None Include="data\shaders\func\shadow.frag">
      <Filter>Shaders\func</Filter>
    </None>
    <None Include="data\shaders\warping\aliasblur.frag">
      <Filter>Shaders\warp</Filter>
    </None>
    <None Include="data\shaders\warping\aliasgradient.frag">
      <Filter>Shaders\warp</Filter>
    </None>
    <None Include="data\shaders\warping\camAndLightCoords_afterDP.frag">
      <Filter>Shaders\warp</Filter>
    </None>
    <None Include="data\shaders\warping\camAndLightCoords_afterDP.vert">
      <Filter>Shaders\warp</Filter>
    </None>
    <None Include="data\shaders\warping\drawDepthWithWarping.frag">
      <Filter>Shaders\warp</Filter>
    </None>
    <None Include="data\shaders\warping\drawDepthWithWarping.vert">
      <Filter>Shaders\warp</Filter>
    </None>
    <None Include="data\shaders\warping\grid.frag">
      <Filter>Shaders\warp</Filter>
    </None>
    <None Include="data\shaders\warping\get2DfuncValues.frag">
      <Filter>Shaders\warp</Filter>
    </None>
    <None Include="data\shaders\warping\computeAliasError.frag">
      <Filter>Shaders\warp</Filter>
    </None>
    <None Include="data\shaders\warping\computeAliasError.vert">
      <Filter>Shaders\warp</Filter>
    </None>
    <None Include="data\shaders\func\shadow_warpdpsm.frag">
      <Filter>Shaders\func</Filter>
    </None>
    <None Include="data\shaders\debug_draw.frag">
      <Filter>Shaders</Filter>
    </None>
    <None Include="data\shaders\debug_draw.vert">
      <Filter>Shaders</Filter>
    </None>
    <None Include="data\shaders\shadow_warp_tess.frag">
      <Filter>Shaders\shadows</Filter>
    </None>
    <None Include="data\shaders\shadow_warp_tess.tc">
      <Filter>Shaders\shadows</Filter>
    </None>
    <None Include="data\shaders\shadow_warp_tess.te">
      <Filter>Shaders\shadows</Filter>
    </None>
    <None Include="data\shaders\shadow_warp_tess.vert">
      <Filter>Shaders\shadows</Filter>
    </None>
    <None Include="data\shaders\warping\dbg_polynomials_grid.frag">
      <Filter>Shaders\warp</Filter>
    </None>
    <None Include="data\shaders\quad_lod.frag">
      <Filter>Shaders\HDR/AO</Filter>
    </None>
    <None Include="data\shaders\warping\mipmap_boundingbox.frag">
      <Filter>Shaders\warp</Filter>
    </None>
    <None Include="data\shaders\select_depth.frag">
      <Filter>Shaders</Filter>
    </None>
    <None Include="data\shaders\quad_array.frag">
      <Filter>Shaders\HDR/AO</Filter>
    </None>
    <None Include="data\shaders\warping\dbg_polynomials_grid.vert">
      <Filter>Shaders\warp</Filter>
    </None>
    <None Include="data\shaders\func\warp_bilinear.frag">
      <Filter>Shaders\func</Filter>
    </None>
    <None Include="data\shaders\func\shadow_cut.frag">
      <Filter>Shaders\func</Filter>
    </None>
    <None Include="data\shaders\func\shadow_omni.frag">
      <Filter>Shaders\func</Filter>
    </None>
    <None Include="data\shaders\func\warp_spline.frag">
      <Filter>Shaders\func</Filter>
    </None>
    <None Include="data\shaders\warping\dbg_stencil_test.frag">
      <Filter>Shaders\warp</Filter>
    </None>
    <None Include="data\shaders\warping\move_grid.frag">
      <Filter>Shaders\warp</Filter>
    </None>
    <None Include="data\shaders\warping\move_grid.vert">
      <Filter>Shaders\warp</Filter>
    </None>
    <None Include="data\shaders\shadow_alias_error.frag">
      <Filter>Shaders</Filter>
    </None>
    <None Include="data\shaders\shadow_alias_error.vert">
      <Filter>Shaders</Filter>
    </None>
    <None Include="data\shaders\shadow_alias_mipmap.frag">
      <Filter>Shaders</Filter>
    </None>
  </ItemGroup>
  <ItemGroup>
    <Filter Include="Header files">
      <UniqueIdentifier>{ce323a84-47a9-4210-bfe4-f82414b0a450}</UniqueIdentifier>
      <Extensions>h;hpp;hxx;hm;inl;inc;xsd</Extensions>
    </Filter>
    <Filter Include="Source files">
      <UniqueIdentifier>{c2f68786-acfa-41df-908c-8077d280ec40}</UniqueIdentifier>
      <Extensions>cpp;c;cc;cxx;def;odl;idl;hpj;bat;asm;asmx</Extensions>
    </Filter>
    <Filter Include="Shaders">
      <UniqueIdentifier>{1bebd64a-fe90-4add-b679-660d0f929c6f}</UniqueIdentifier>
    </Filter>
    <Filter Include="Shaders\shadows">
      <UniqueIdentifier>{4e5c3988-b912-463f-bddf-7e86db90f1a0}</UniqueIdentifier>
    </Filter>
    <Filter Include="Shaders\HDR/AO">
      <UniqueIdentifier>{d2ed6fcb-deea-48c9-9823-d58890dff030}</UniqueIdentifier>
    </Filter>
    <Filter Include="Shaders\tess">
      <UniqueIdentifier>{b5a85ebb-ab92-4c37-866d-c25c86881286}</UniqueIdentifier>
    </Filter>
    <Filter Include="Shaders\func">
      <UniqueIdentifier>{c021cf9b-bda7-4177-b4aa-f1b37b5dcc78}</UniqueIdentifier>
    </Filter>
    <Filter Include="Shaders\warp">
      <UniqueIdentifier>{56db86c2-b00e-4267-b42d-fa5467e408c4}</UniqueIdentifier>
    </Filter>
    <Filter Include="Source files\Shader Generation">
      <UniqueIdentifier>{8d135884-98eb-4866-88b0-125446656b37}</UniqueIdentifier>
    </Filter>
    <Filter Include="Header files\Shader Generation">
      <UniqueIdentifier>{7a354d8b-bded-4374-b472-07b5d7ef39e9}</UniqueIdentifier>
    </Filter>
    <Filter Include="Header files\Shadow Techniques">
      <UniqueIdentifier>{253c72bb-3dc4-4987-a4a8-73a66ab3070b}</UniqueIdentifier>
    </Filter>
    <Filter Include="Source files\Shadow Techniques">
      <UniqueIdentifier>{457922a1-f12c-44ef-bcb3-9ca5d5ff8d32}</UniqueIdentifier>
    </Filter>
    <Filter Include="Header files\Resources">
      <UniqueIdentifier>{0342c0e7-8e50-44c4-b027-2df50c426317}</UniqueIdentifier>
    </Filter>
    <Filter Include="Source files\Resources">
      <UniqueIdentifier>{ee7bb9d5-6113-4404-b26a-19aa06491036}</UniqueIdentifier>
    </Filter>
    <Filter Include="Header files\SDK">
      <UniqueIdentifier>{b341f90d-5854-47cd-bb3b-a924faad756e}</UniqueIdentifier>
    </Filter>
    <Filter Include="Source files\SDK">
      <UniqueIdentifier>{4e360059-2362-46c0-a7b3-d62902ece4f0}</UniqueIdentifier>
    </Filter>
  </ItemGroup>
</Project>